{
  "requires": true,
  "lockfileVersion": 1,
  "dependencies": {
    "@canvacord/assets": {
      "version": "2.1.0",
      "resolved": "https://sasnexus.sas.itn/nexus/repository/NPM_registry/@canvacord/assets/-/assets-2.1.0.tgz",
      "integrity": "sha512-VwPVQrMz/nVLiAlkqUuWI+wuOBptpik2g+eIj2ADOsiK2yiLN/4ZSL+V0SQUidB3OLfAmuY949kCJ788CD5P9g=="
    },
    "@canvacord/emoji-parser": {
      "version": "1.0.1",
      "resolved": "https://sasnexus.sas.itn/nexus/repository/NPM_registry/@canvacord/emoji-parser/-/emoji-parser-1.0.1.tgz",
      "integrity": "sha512-Lb3xatdd91MR9tU4sicgrxxKg+/rVD1zKTOh55bmVF2Ri5X8vHTV+jNHTvRzkomGpyepGM+7qA4xMvG8ZqtO8g==",
      "requires": {
        "twemoji-parser": "^13.0.0"
      }
    },
    "html-to-image": {
      "version": "1.9.0",
      "resolved": "https://sasnexus.sas.itn/nexus/repository/NPM_registry/html-to-image/-/html-to-image-1.9.0.tgz",
      "integrity": "sha512-9gaDCIYg62Ek07F2pBk76AHgYZ2gxq2YALU7rK3gNCqXuhu6cWzsOQqM7qGbjZiOzxGzrU1deDqZpAod2NEwbA=="
    },
    "moment": {
      "version": "2.29.1",
      "resolved": "https://sasnexus.sas.itn/nexus/repository/NPM_registry/moment/-/moment-2.29.1.tgz",
      "integrity": "sha512-kHmoybcPV8Sqy59DwNDY3Jefr64lK/by/da0ViFcuA4DH0vQg5Q6Ze5VimxkfQNSC+Mls/Kx53s7TjP1RhFEDQ=="
    },
    "moment-duration-format": {
      "version": "2.3.2",
      "resolved": "https://sasnexus.sas.itn/nexus/repository/NPM_registry/moment-duration-format/-/moment-duration-format-2.3.2.tgz",
      "integrity": "sha512-cBMXjSW+fjOb4tyaVHuaVE/A5TqkukDWiOfxxAjY+PEqmmBQlLwn+8OzwPiG3brouXKY5Un4pBjAeB6UToXHaQ=="
    },
    "twemoji-parser": {
      "version": "13.1.0",
      "resolved": "https://sasnexus.sas.itn/nexus/repository/NPM_registry/twemoji-parser/-/twemoji-parser-13.1.0.tgz",
      "integrity": "sha512-AQOzLJpYlpWMy8n+0ATyKKZzWlZBJN+G0C+5lhX7Ftc2PeEVdUU/7ns2Pn2vVje26AIZ/OHwFoUbdv6YYD/wGg=="
    }
  }
}
